# THIS IS AN AUTOGENERATED FILE. DO NOT EDIT THIS FILE DIRECTLY.
# yarn lockfile v1


"@esbuild/android-arm64@0.16.5":
  version "0.16.5"
  resolved "https://registry.yarnpkg.com/@esbuild/android-arm64/-/android-arm64-0.16.5.tgz#4d86e00dee422c76a86904d6b863d115db34f862"
  integrity sha512-BCWkmAqFoW6xXzz6Up16bU0vdZqe23UxkrabbrmXXUuH27Tts3LVcHFCi/dGLYa6ZqC/txhtJm2kAJdoyOfHxg==

"@esbuild/android-arm@0.16.5":
  version "0.16.5"
  resolved "https://registry.yarnpkg.com/@esbuild/android-arm/-/android-arm-0.16.5.tgz#e6dd899ab0727d31c04309b6db2fb70ca4331af1"
  integrity sha512-eNkNuLSKpbZTH0BZklJ9B9Sml7fTIamhrQNBwftsEHCUuSLBVunzV3LfghryVGpE5lSkOwOfeX6gR6+3yLaEfQ==

"@esbuild/android-x64@0.16.5":
  version "0.16.5"
  resolved "https://registry.yarnpkg.com/@esbuild/android-x64/-/android-x64-0.16.5.tgz#c5237c582bb038a9403afe5ad7e451cc79187505"
  integrity sha512-E0R7d0dy9+QlpMps8gJXXhtfn+fQFaTXbq8kV2u/HfHyyhxr4nIIuXZCcYxxA9LSKnsFBBbSQIGDUVY9FGgx0w==

"@esbuild/darwin-arm64@0.16.5":
  version "0.16.5"
  resolved "https://registry.yarnpkg.com/@esbuild/darwin-arm64/-/darwin-arm64-0.16.5.tgz#6e553f4be193d25a5e7cb6a73077d407a64bd6ad"
  integrity sha512-4HlbUMy50cRaHGVriBjShs46WRPshtnVOqkxEGhEuDuJhgZ3regpWzaQxXOcDXFvVwue8RiqDAAcOi/QlVLE6Q==

"@esbuild/darwin-x64@0.16.5":
  version "0.16.5"
  resolved "https://registry.yarnpkg.com/@esbuild/darwin-x64/-/darwin-x64-0.16.5.tgz#a9c466dbeca614edb5fe1a9c1ccd97bce30301af"
  integrity sha512-ZDCAxAPwbtKJ5YxRZusQKDFuywH+7YNKbilss0DCRPtXMxrKRZETcuSfcgIWGYBBc+ypdOazousx3yZss2Az0A==

"@esbuild/freebsd-arm64@0.16.5":
  version "0.16.5"
  resolved "https://registry.yarnpkg.com/@esbuild/freebsd-arm64/-/freebsd-arm64-0.16.5.tgz#e101c671b150a6e0fe06b5978f2005505afd97b8"
  integrity sha512-w0dJ8om4KiagLCHURgwxXVWzi5xa0W7F5woMxzWO+LDCebrlyZUhCIbSXUKa4qD3XbdG7K4Y8N4mLDRMkZzMuw==

"@esbuild/freebsd-x64@0.16.5":
  version "0.16.5"
  resolved "https://registry.yarnpkg.com/@esbuild/freebsd-x64/-/freebsd-x64-0.16.5.tgz#79bf9368634f390d16f5032a9b6603f02b0d999b"
  integrity sha512-qCdC0T7XUxngX8otO4nmPUE/cHZfvF8jk+GMr9qkAGP0nIMACD7t/AWoY2N5rsn5/dOJ1VKM/aMF4wCFBP5AqQ==

"@esbuild/linux-arm64@0.16.5":
  version "0.16.5"
  resolved "https://registry.yarnpkg.com/@esbuild/linux-arm64/-/linux-arm64-0.16.5.tgz#9025197f1d4007743d130413f7579607f943a0f2"
  integrity sha512-h84QZmBhBdEclyxf9Wm/UESY6ITI7/gYLNvj/3emhDd0ILAqwHdWnMDmKqqubrMcpb1O4sWOYRm7EZ+Av8eGiQ==

"@esbuild/linux-arm@0.16.5":
  version "0.16.5"
  resolved "https://registry.yarnpkg.com/@esbuild/linux-arm/-/linux-arm-0.16.5.tgz#4cc5ff0fc093610598f32f7fd5565326c0c4e5c6"
  integrity sha512-6crdpqwFjl+DObBgwaJMtB+VWrZd87Jy05gQTERysc1ujnUJNCJzemUcRDT5hM34dzTYThlXfFW32qQy9QpPGQ==

"@esbuild/linux-ia32@0.16.5":
  version "0.16.5"
  resolved "https://registry.yarnpkg.com/@esbuild/linux-ia32/-/linux-ia32-0.16.5.tgz#9d897e7fff2f31433fa2c7b00048738dc9d47a69"
  integrity sha512-P1WNzGqy6ipvbt8iNoYY66+qUANCiM80D8bGJIU8jqSZ613eG0lUWBePi4xQazcNgIi9tSiCa9Ba3f4krXtQDw==

"@esbuild/linux-loong64@0.16.5":
  version "0.16.5"
  resolved "https://registry.yarnpkg.com/@esbuild/linux-loong64/-/linux-loong64-0.16.5.tgz#9fc800568028d1a1d5601375cd9f20f33fd91093"
  integrity sha512-r8wKqs+rl4gIT/xDB6CHMaYcvvyZ7tWf5LulH9NsDvgQEy3gIXQPR4Oy9tYrjM75uKkvBv1uw15Iz4EWsvve9Q==

"@esbuild/linux-mips64el@0.16.5":
  version "0.16.5"
  resolved "https://registry.yarnpkg.com/@esbuild/linux-mips64el/-/linux-mips64el-0.16.5.tgz#ef9ee33e33c13771055f3726a3350cb0a4e1e550"
  integrity sha512-0WMhOlwfeeAp6KMx3E6LZKDN6INk4Me8dwIw1XMSFvmE6r31vRnwXkrQlAk5FI44KZ/rIi+yynRZqEd7UJAV2g==

"@esbuild/linux-ppc64@0.16.5":
  version "0.16.5"
  resolved "https://registry.yarnpkg.com/@esbuild/linux-ppc64/-/linux-ppc64-0.16.5.tgz#175d4a6f7b304c63686059861f276151d015cf26"
  integrity sha512-29x+DtRGcYH0Sh3QSnoF+D2SYkHLxwx5AugoGLIlVtcVqDb4fEb654d67k9VcAR2RiTAYUZ764KXzWB+ItQfgw==

"@esbuild/linux-riscv64@0.16.5":
  version "0.16.5"
  resolved "https://registry.yarnpkg.com/@esbuild/linux-riscv64/-/linux-riscv64-0.16.5.tgz#69fe8bc94f49fdcead8ed6144cb40e45920c4196"
  integrity sha512-ZX4SSKOJUcuqFNDydfN4yCo9je9f1T72Pj+RLsAGRiuiREVCwRkXIBp810C01+MdPqYExp322kY78ISEq5XGLQ==

"@esbuild/linux-s390x@0.16.5":
  version "0.16.5"
  resolved "https://registry.yarnpkg.com/@esbuild/linux-s390x/-/linux-s390x-0.16.5.tgz#18d418673579081e7ec3c376b110cea832efadbc"
  integrity sha512-pYY86RiLD1s5RN8q0aMhWD44NiHmAZxv2bSzaNlL63/ibWETld+m6F+MPh9+ZNOqGJw53E/0qHukYI5Lm+1k7A==

"@esbuild/linux-x64@0.16.5":
  version "0.16.5"
  resolved "https://registry.yarnpkg.com/@esbuild/linux-x64/-/linux-x64-0.16.5.tgz#3dadd838a89b38e0653fcd3d74455d965c6c400d"
  integrity sha512-vsOwzKN+4NenUTyuoWLmg5dAuO8JKuLD9MXSeENA385XucuOZbblmOMwwgPlHsgVRtSjz38riqPJU2ALI/CWYQ==

"@esbuild/netbsd-x64@0.16.5":
  version "0.16.5"
  resolved "https://registry.yarnpkg.com/@esbuild/netbsd-x64/-/netbsd-x64-0.16.5.tgz#ab0ffb19dc14c0efc2317372e4e4782fdb8cbd9c"
  integrity sha512-ZhfELxpZLXg7OidX9MrjgQNhjhYx3GXm59EAQVZds8GTyOOPj+Hg7ttKenlXoV8PZVkoCm0dgoWXzhasZJGfWw==

"@esbuild/openbsd-x64@0.16.5":
  version "0.16.5"
  resolved "https://registry.yarnpkg.com/@esbuild/openbsd-x64/-/openbsd-x64-0.16.5.tgz#0f33fb3acb8ac207cd366576030d17688acd2c60"
  integrity sha512-2HY2L0afN8IUgvxCAWY04bB6mhHSnC7YNGM2hmEkyAgP+n8jpZgGjiRokuk3AQ0g0IpX8h0KnS+xaznGEr5CGw==

"@esbuild/sunos-x64@0.16.5":
  version "0.16.5"
  resolved "https://registry.yarnpkg.com/@esbuild/sunos-x64/-/sunos-x64-0.16.5.tgz#9f0da4e9c594bdbe92c27fe1d3d1effb8f036ad3"
  integrity sha512-Q7+HbDnW52LLW8YIU5h0sYZ23TvaaC0vuwiIbJUa91Qr77NKNJCe8stfunN1TRZo+6OwGpM3MrdUcUVUfr5wuA==

"@esbuild/win32-arm64@0.16.5":
  version "0.16.5"
  resolved "https://registry.yarnpkg.com/@esbuild/win32-arm64/-/win32-arm64-0.16.5.tgz#5ebb50418ed224061a049a59c876283962134cee"
  integrity sha512-KcegNS7IgLm/cAcjIW3kZyLiZi/p8I+A2a6OonDA77em9xHewdA2yTA+9pO4gr77MkXATcnDAFBrWw5oLHIZkQ==

"@esbuild/win32-ia32@0.16.5":
  version "0.16.5"
  resolved "https://registry.yarnpkg.com/@esbuild/win32-ia32/-/win32-ia32-0.16.5.tgz#57f008d3a2b8336ab0f7bd07431619c46921dbd0"
  integrity sha512-ReUCJSzLNGH6WcvwjMzpEy2SX5GTZBeRTvCdklN4DT2YrgRIe82lYVikVHwA7fdiL3xHKvmdiicMqxE8QYmxrA==

"@esbuild/win32-x64@0.16.5":
  version "0.16.5"
  resolved "https://registry.yarnpkg.com/@esbuild/win32-x64/-/win32-x64-0.16.5.tgz#9398d079a83b309b44021634ae6b4f7bc6a0cad0"
  integrity sha512-q00Jasz6/wCOD2XxRj4GEwj27u1zfpiBniL1ip3/YGGcYtvOoGKCNSS47sufO/8ixEgrSYDlkglSd6CxcS7m0g==

"@swc/core-darwin-arm64@1.3.22":
  version "1.3.22"
  resolved "https://registry.yarnpkg.com/@swc/core-darwin-arm64/-/core-darwin-arm64-1.3.22.tgz#296db00b567d7fab0fc438eccc7334b53d54e2f2"
  integrity sha512-MMhtPsuXp8gpUgr9bs+RZQ2IyFGiUNDG93usCDAFgAF+6VVp+YaAVjET/3/Bx5Lk2WAt0RxT62C9KTEw1YMo3w==

"@swc/core-darwin-x64@1.3.22":
  version "1.3.22"
  resolved "https://registry.yarnpkg.com/@swc/core-darwin-x64/-/core-darwin-x64-1.3.22.tgz#3922972fccaa8c42e5bb1ec3f784e88b884bc3c7"
  integrity sha512-SG6QbNat4GZ5VJU3Zo6a54oQOtbhJVE6BCQw4JjOCZJmAeBzNebGy9wsT4+fCJNHC3C5qtaRw7ToXJvLniXwfg==

"@swc/core-linux-arm-gnueabihf@1.3.22":
  version "1.3.22"
  resolved "https://registry.yarnpkg.com/@swc/core-linux-arm-gnueabihf/-/core-linux-arm-gnueabihf-1.3.22.tgz#5484415986e6c498f295b73c0d9dffb777237ca6"
  integrity sha512-4E+TdQT1oHnHjDaPs/DyrRy9lOuFd6ncEd67yYA4j9lFqt6nuz/jnXss45k8KU7wR5kOTtdW73xPwkU4NbOWdw==

"@swc/core-linux-arm64-gnu@1.3.22":
  version "1.3.22"
  resolved "https://registry.yarnpkg.com/@swc/core-linux-arm64-gnu/-/core-linux-arm64-gnu-1.3.22.tgz#951406151966225e4082cc643aa202f18f6d0bcf"
  integrity sha512-6VcynOMbOBcbLutIPENI3Ejvg5LGz/Pwvzm25hM0FoiEtPxHA+tawQUwLx8Alk1Yr+Rnqid06UEZ0veJOGn2pQ==

"@swc/core-linux-arm64-musl@1.3.22":
  version "1.3.22"
  resolved "https://registry.yarnpkg.com/@swc/core-linux-arm64-musl/-/core-linux-arm64-musl-1.3.22.tgz#1f63fa7e3e61b00f9102e49f60520377491b61d6"
  integrity sha512-86RxGy0L3qa4De3xWHx8vL2caTxvSLSWTlgUW/Yd4l1pvrCFibMjhkImGu5ViKiReX9DlBtJ7CBs4dln2kHidw==

"@swc/core-linux-x64-gnu@1.3.22":
  version "1.3.22"
  resolved "https://registry.yarnpkg.com/@swc/core-linux-x64-gnu/-/core-linux-x64-gnu-1.3.22.tgz#64a38d253c7cdc8944980fa1f8cb3b6fc260afd1"
  integrity sha512-FLkbiqsdXsVIFZi6iedx4rSBGX8x0vo/5aDlklSxJAAYOcQpO0QADKP5Yr65iMT1d6ABCt2d+/StpGLF7GWOcA==

"@swc/core-linux-x64-musl@1.3.22":
  version "1.3.22"
  resolved "https://registry.yarnpkg.com/@swc/core-linux-x64-musl/-/core-linux-x64-musl-1.3.22.tgz#33f6abf28cc26eba1979e488776e006a09285463"
  integrity sha512-giBuw+Z0Bq6fpZ0Y5TcfpcQwf9p/cE1fOQyO/K1XSTn/haQOqFi7421Jq/dFThSARZiXw1u9Om9VFbwxr8VI+A==

"@swc/core-win32-arm64-msvc@1.3.22":
  version "1.3.22"
  resolved "https://registry.yarnpkg.com/@swc/core-win32-arm64-msvc/-/core-win32-arm64-msvc-1.3.22.tgz#4b5a05157d5d442866d543090a52b2a9624766bc"
  integrity sha512-loKGO+ZM2By6VdrmVJk1G79jVgDPaee93qLFuis5KyeoLLb4m1MlNMc/6SIDZUSuYg6NqaGP1spFeiFetMQ4Zg==

"@swc/core-win32-ia32-msvc@1.3.22":
  version "1.3.22"
  resolved "https://registry.yarnpkg.com/@swc/core-win32-ia32-msvc/-/core-win32-ia32-msvc-1.3.22.tgz#ec067667b7a665ef3b4fe97c3aa4c1d15e3a496d"
  integrity sha512-lvNWAZ3QjXMsrsch6oLLQVikT/hC/4ZcLrTBXa14HwQylaYigkGElgp3ekJr78HjWDPwB46GXwBbNMG0VNAfvA==

"@swc/core-win32-x64-msvc@1.3.22":
  version "1.3.22"
  resolved "https://registry.yarnpkg.com/@swc/core-win32-x64-msvc/-/core-win32-x64-msvc-1.3.22.tgz#fb820b1aa03605363d141c9656d966a25000790f"
  integrity sha512-ESyn4lZXAKEE3mcTaDfXatsolCiEfVGstsXdgBmZYa6o1IE1bDW8FE7Ob/Y+82WTpm9+A9ZYXYjZ62t67POHZg==

"@swc/core@^1.3.21":
  version "1.3.22"
  resolved "https://registry.yarnpkg.com/@swc/core/-/core-1.3.22.tgz#2b631f7b54d6e11eb2e8ae505bca1dbbc6fb7160"
  integrity sha512-oQ9EPEb7NgWcGIDoVfLCuffvtC4MzVtrwjqwKzFHP8FUh1fn8+2wraOjkkDXW74BB4Hgve5ykkaHix9bebB9Ww==
  optionalDependencies:
    "@swc/core-darwin-arm64" "1.3.22"
    "@swc/core-darwin-x64" "1.3.22"
    "@swc/core-linux-arm-gnueabihf" "1.3.22"
    "@swc/core-linux-arm64-gnu" "1.3.22"
    "@swc/core-linux-arm64-musl" "1.3.22"
    "@swc/core-linux-x64-gnu" "1.3.22"
    "@swc/core-linux-x64-musl" "1.3.22"
    "@swc/core-win32-arm64-msvc" "1.3.22"
    "@swc/core-win32-ia32-msvc" "1.3.22"
    "@swc/core-win32-x64-msvc" "1.3.22"

"@types/prop-types@*":
  version "15.7.5"
  resolved "https://registry.yarnpkg.com/@types/prop-types/-/prop-types-15.7.5.tgz#5f19d2b85a98e9558036f6a3cacc8819420f05cf"
  integrity sha512-JCB8C6SnDoQf0cNycqd/35A7MjcnK+ZTqE7judS6o7utxUCg6imJg3QK2qzHKszlTjcj2cn+NwMB2i96ubpj7w==

"@types/react-dom@^18.0.9":
  version "18.0.9"
  resolved "https://registry.yarnpkg.com/@types/react-dom/-/react-dom-18.0.9.tgz#ffee5e4bfc2a2f8774b15496474f8e7fe8d0b504"
  integrity sha512-qnVvHxASt/H7i+XG1U1xMiY5t+IHcPGUK7TDMDzom08xa7e86eCeKOiLZezwCKVxJn6NEiiy2ekgX8aQssjIKg==
  dependencies:
    "@types/react" "*"

"@types/react@*", "@types/react@^18.0.26":
  version "18.0.26"
  resolved "https://registry.yarnpkg.com/@types/react/-/react-18.0.26.tgz#8ad59fc01fef8eaf5c74f4ea392621749f0b7917"
  integrity sha512-hCR3PJQsAIXyxhTNSiDFY//LhnMZWpNNr5etoCqx/iUfGc5gXWtQR2Phl908jVR6uPXacojQWTg4qRpkxTuGug==
  dependencies:
    "@types/prop-types" "*"
    "@types/scheduler" "*"
    csstype "^3.0.2"

"@types/scheduler@*":
  version "0.16.2"
  resolved "https://registry.yarnpkg.com/@types/scheduler/-/scheduler-0.16.2.tgz#1a62f89525723dde24ba1b01b092bf5df8ad4d39"
  integrity sha512-hppQEBDmlwhFAXKJX2KnWLYu5yMfi91yazPb2l+lbJiwW+wdo1gNeRA+3RgNSO39WYX2euey41KEwnqesU2Jew==

"@vitejs/plugin-react-swc@^3.0.0":
  version "3.0.0"
  resolved "https://registry.yarnpkg.com/@vitejs/plugin-react-swc/-/plugin-react-swc-3.0.0.tgz#a0dbf235ae0fdd937a302901d1433dffdaa5cb3b"
  integrity sha512-vYlodz/mjYRbxMGbHzDgR8aPR+z8n7K/enWkyBGH096xrL2DIPCuTvQVRYPTXGyy6wO7OFiMxZ3r4nKQD1sH0A==
  dependencies:
    "@swc/core" "^1.3.21"

csstype@^3.0.2:
  version "3.1.1"
  resolved "https://registry.yarnpkg.com/csstype/-/csstype-3.1.1.tgz#841b532c45c758ee546a11d5bd7b7b473c8c30b9"
  integrity sha512-DJR/VvkAvSZW9bTouZue2sSxDwdTN92uHjqeKVm+0dAqdfNykRzQ95tay8aXMBAAPpUiq4Qcug2L7neoRh2Egw==

esbuild@^0.16.3:
  version "0.16.5"
  resolved "https://registry.yarnpkg.com/esbuild/-/esbuild-0.16.5.tgz#4e14ef61a4c906cacc5f0d997d372ff815254b23"
  integrity sha512-te0zG5CDzAxhnBKeddXUtK8xDnYL6jv100ekldhtUk0ALXPXcDAtuH0fAR7rbKwUdz3bOey6HVq2N+aWCKZ1cw==
  optionalDependencies:
    "@esbuild/android-arm" "0.16.5"
    "@esbuild/android-arm64" "0.16.5"
    "@esbuild/android-x64" "0.16.5"
    "@esbuild/darwin-arm64" "0.16.5"
    "@esbuild/darwin-x64" "0.16.5"
    "@esbuild/freebsd-arm64" "0.16.5"
    "@esbuild/freebsd-x64" "0.16.5"
    "@esbuild/linux-arm" "0.16.5"
    "@esbuild/linux-arm64" "0.16.5"
    "@esbuild/linux-ia32" "0.16.5"
    "@esbuild/linux-loong64" "0.16.5"
    "@esbuild/linux-mips64el" "0.16.5"
    "@esbuild/linux-ppc64" "0.16.5"
    "@esbuild/linux-riscv64" "0.16.5"
    "@esbuild/linux-s390x" "0.16.5"
    "@esbuild/linux-x64" "0.16.5"
    "@esbuild/netbsd-x64" "0.16.5"
    "@esbuild/openbsd-x64" "0.16.5"
    "@esbuild/sunos-x64" "0.16.5"
    "@esbuild/win32-arm64" "0.16.5"
    "@esbuild/win32-ia32" "0.16.5"
    "@esbuild/win32-x64" "0.16.5"

fsevents@~2.3.2:
  version "2.3.2"
  resolved "https://registry.yarnpkg.com/fsevents/-/fsevents-2.3.2.tgz#8a526f78b8fdf4623b709e0b975c52c24c02fd1a"
  integrity sha512-xiqMQR4xAeHTuB9uWm+fFRcIOgKBMiOBP+eXiyT7jsgVCq1bkVygt00oASowB7EdtpOHaaPgKt812P9ab+DDKA==

function-bind@^1.1.1:
  version "1.1.1"
  resolved "https://registry.yarnpkg.com/function-bind/-/function-bind-1.1.1.tgz#a56899d3ea3c9bab874bb9773b7c5ede92f4895d"
  integrity sha512-yIovAzMX49sF8Yl58fSCWJ5svSLuaibPxXQJFLmBObTuCr0Mf1KiPopGM9NiFjiYBCbfaa2Fh6breQ6ANVTI0A==

has@^1.0.3:
  version "1.0.3"
  resolved "https://registry.yarnpkg.com/has/-/has-1.0.3.tgz#722d7cbfc1f6aa8241f16dd814e011e1f41e8796"
  integrity sha512-f2dvO0VU6Oej7RkWJGrehjbzMAjFp5/VKPp5tTpWIV4JHHZK1/BxbFRtf/siA2SWTe09caDmVtYYzWEIbBS4zw==
  dependencies:
    function-bind "^1.1.1"

is-core-module@^2.9.0:
  version "2.11.0"
  resolved "https://registry.yarnpkg.com/is-core-module/-/is-core-module-2.11.0.tgz#ad4cb3e3863e814523c96f3f58d26cc570ff0144"
  integrity sha512-RRjxlvLDkD1YJwDbroBHMb+cukurkDWNyHx7D3oNB5x9rb5ogcksMC5wHCadcXoo67gVr/+3GFySh3134zi6rw==
  dependencies:
    has "^1.0.3"

"js-tokens@^3.0.0 || ^4.0.0":
  version "4.0.0"
  resolved "https://registry.yarnpkg.com/js-tokens/-/js-tokens-4.0.0.tgz#19203fb59991df98e3a287050d4647cdeaf32499"
  integrity sha512-RdJUflcE3cUzKiMqQgsCu06FPu9UdIJO0beYbPhHN4k6apgJtifcoCtT9bcxOpYBtpD2kCM6Sbzg4CausW/PKQ==

loose-envify@^1.1.0:
  version "1.4.0"
  resolved "https://registry.yarnpkg.com/loose-envify/-/loose-envify-1.4.0.tgz#71ee51fa7be4caec1a63839f7e682d8132d30caf"
  integrity sha512-lyuxPGr/Wfhrlem2CL/UcnUc1zcqKAImBDzukY7Y5F/yQiNdko6+fRLevlw1HgMySw7f611UIY408EtxRSoK3Q==
  dependencies:
    js-tokens "^3.0.0 || ^4.0.0"

nanoid@^3.3.4:
  version "3.3.4"
  resolved "https://registry.yarnpkg.com/nanoid/-/nanoid-3.3.4.tgz#730b67e3cd09e2deacf03c027c81c9d9dbc5e8ab"
  integrity sha512-MqBkQh/OHTS2egovRtLk45wEyNXwF+cokD+1YPf9u5VfJiRdAiRwB2froX5Co9Rh20xs4siNPm8naNotSD6RBw==

path-parse@^1.0.7:
  version "1.0.7"
  resolved "https://registry.yarnpkg.com/path-parse/-/path-parse-1.0.7.tgz#fbc114b60ca42b30d9daf5858e4bd68bbedb6735"
  integrity sha512-LDJzPVEEEPR+y48z93A0Ed0yXb8pAByGWo/k5YYdYgpY2/2EsOsksJrq7lOHxryrVOn1ejG6oAp8ahvOIQD8sw==

picocolors@^1.0.0:
  version "1.0.0"
  resolved "https://registry.yarnpkg.com/picocolors/-/picocolors-1.0.0.tgz#cb5bdc74ff3f51892236eaf79d68bc44564ab81c"
  integrity sha512-1fygroTLlHu66zi26VoTDv8yRgm0Fccecssto+MhsZ0D/DGW2sm8E8AjW7NU5VVTRt5GxbeZ5qBuJr+HyLYkjQ==

postcss@^8.4.20:
  version "8.4.20"
  resolved "https://registry.yarnpkg.com/postcss/-/postcss-8.4.20.tgz#64c52f509644cecad8567e949f4081d98349dc56"
  integrity sha512-6Q04AXR1212bXr5fh03u8aAwbLxAQNGQ/Q1LNa0VfOI06ZAlhPHtQvE4OIdpj4kLThXilalPnmDSOD65DcHt+g==
  dependencies:
    nanoid "^3.3.4"
    picocolors "^1.0.0"
    source-map-js "^1.0.2"

react-dom@^18.2.0:
  version "18.2.0"
  resolved "https://registry.yarnpkg.com/react-dom/-/react-dom-18.2.0.tgz#22aaf38708db2674ed9ada224ca4aa708d821e3d"
  integrity sha512-6IMTriUmvsjHUjNtEDudZfuDQUoWXVxKHhlEGSk81n4YFS+r/Kl99wXiwlVXtPBtJenozv2P+hxDsw9eA7Xo6g==
  dependencies:
    loose-envify "^1.1.0"
    scheduler "^0.23.0"

react@^18.2.0:
  version "18.2.0"
  resolved "https://registry.yarnpkg.com/react/-/react-18.2.0.tgz#555bd98592883255fa00de14f1151a917b5d77d5"
  integrity sha512-/3IjMdb2L9QbBdWiW5e3P2/npwMBaU9mHCSCUzNln0ZCYbcfTsGbTJrU/kGemdH2IWmB2ioZ+zkxtmq6g09fGQ==
  dependencies:
    loose-envify "^1.1.0"

resolve@^1.22.1:
  version "1.22.1"
  resolved "https://registry.yarnpkg.com/resolve/-/resolve-1.22.1.tgz#27cb2ebb53f91abb49470a928bba7558066ac177"
  integrity sha512-nBpuuYuY5jFsli/JIs1oldw6fOQCBioohqWZg/2hiaOybXOft4lonv85uDOKXdf8rhyK159cxU5cDcK/NKk8zw==
  dependencies:
    is-core-module "^2.9.0"
    path-parse "^1.0.7"
    supports-preserve-symlinks-flag "^1.0.0"

rollup@^3.7.0:
  version "3.7.4"
  resolved "https://registry.yarnpkg.com/rollup/-/rollup-3.7.4.tgz#993c3b30eff1df96f5eafb7c2ef7648960f2fa34"
  integrity sha512-jN9rx3k5pfg9H9al0r0y1EYKSeiRANZRYX32SuNXAnKzh6cVyf4LZVto1KAuDnbHT03E1CpsgqDKaqQ8FZtgxw==
  optionalDependencies:
    fsevents "~2.3.2"

scheduler@^0.23.0:
  version "0.23.0"
  resolved "https://registry.yarnpkg.com/scheduler/-/scheduler-0.23.0.tgz#ba8041afc3d30eb206a487b6b384002e4e61fdfe"
  integrity sha512-CtuThmgHNg7zIZWAXi3AsyIzA3n4xx7aNyjwC2VJldO2LMVDhFK+63xGqq6CsJH4rTAt6/M+N4GhZiDYPx9eUw==
  dependencies:
    loose-envify "^1.1.0"

source-map-js@^1.0.2:
  version "1.0.2"
  resolved "https://registry.yarnpkg.com/source-map-js/-/source-map-js-1.0.2.tgz#adbc361d9c62df380125e7f161f71c826f1e490c"
  integrity sha512-R0XvVJ9WusLiqTCEiGCmICCMplcCkIwwR11mOSD9CR5u+IXYdiseeEuXCVAjS54zqwkLcPNnmU4OeJ6tUrWhDw==

supports-preserve-symlinks-flag@^1.0.0:
  version "1.0.0"
  resolved "https://registry.yarnpkg.com/supports-preserve-symlinks-flag/-/supports-preserve-symlinks-flag-1.0.0.tgz#6eda4bd344a3c94aea376d4cc31bc77311039e09"
  integrity sha512-ot0WnXS9fgdkgIcePe6RHNk1WA8+muPa6cSjeR3V8K27q9BB1rTE3R1p7Hv0z1ZyAc8s6Vvv8DIyWf681MAt0w==

vite@^4.0.0:
  version "4.0.1"
  resolved "https://registry.yarnpkg.com/vite/-/vite-4.0.1.tgz#e0a54d818c28ae47fd27bcac6a4a952c6a658502"
  integrity sha512-kZQPzbDau35iWOhy3CpkrRC7It+HIHtulAzBhMqzGHKRf/4+vmh8rPDDdv98SWQrFWo6//3ozwsRmwQIPZsK9g==
  dependencies:
    esbuild "^0.16.3"
    postcss "^8.4.20"
    resolve "^1.22.1"
    rollup "^3.7.0"
  optionalDependencies:
    fsevents "~2.3.2"
